
Microsoft Visual Studio Solution File, Format Version 12.00
# Visual Studio 15
VisualStudioVersion = 15.0.28307.421
MinimumVisualStudioVersion = 10.0.40219.1
Project("{9A19103F-16F7-4668-BE54-9A1E7A4F7556}") = "ConsoleDistrictPredictor", "ConsoleDistrictPredictor\ConsoleDistrictPredictor.csproj", "{2C6F1B10-F264-4E1D-B1E3-1578BB34F3A0}"
EndProject
Project("{9A19103F-16F7-4668-BE54-9A1E7A4F7556}") = "DistrictPredictorML.Model", "DistrictPredictorML.Model\DistrictPredictorML.Model.csproj", "{90919876-FBFA-4681-995D-03F2ED888285}"
EndProject
Project("{9A19103F-16F7-4668-BE54-9A1E7A4F7556}") = "DistrictPredictorML.ConsoleApp", "DistrictPredictorML.ConsoleApp\DistrictPredictorML.ConsoleApp.csproj", "{AC24DC74-B475-442D-BB86-BC7455E2E900}"
EndProject
Project("{FAE04EC0-301F-11D3-BF4B-00C04F79EFBC}") = "DistrictPredictor", "DistrictPredictor\DistrictPredictor.csproj", "{6574C465-B9CF-45C0-B049-3C602F499C7C}"
EndProject
Global
	GlobalSection(SolutionConfigurationPlatforms) = preSolution
		Debug|Any CPU = Debug|Any CPU
		Release|Any CPU = Release|Any CPU
	EndGlobalSection
	GlobalSection(ProjectConfigurationPlatforms) = postSolution
		{2C6F1B10-F264-4E1D-B1E3-1578BB34F3A0}.Debug|Any CPU.ActiveCfg = Debug|Any CPU
		{2C6F1B10-F264-4E1D-B1E3-1578BB34F3A0}.Debug|Any CPU.Build.0 = Debug|Any CPU
		{2C6F1B10-F264-4E1D-B1E3-1578BB34F3A0}.Release|Any CPU.ActiveCfg = Release|Any CPU
		{2C6F1B10-F264-4E1D-B1E3-1578BB34F3A0}.Release|Any CPU.Build.0 = Release|Any CPU
		{90919876-FBFA-4681-995D-03F2ED888285}.Debug|Any CPU.ActiveCfg = Debug|Any CPU
		{90919876-FBFA-4681-995D-03F2ED888285}.Debug|Any CPU.Build.0 = Debug|Any CPU
		{90919876-FBFA-4681-995D-03F2ED888285}.Release|Any CPU.ActiveCfg = Release|Any CPU
		{90919876-FBFA-4681-995D-03F2ED888285}.Release|Any CPU.Build.0 = Release|Any CPU
		{AC24DC74-B475-442D-BB86-BC7455E2E900}.Debug|Any CPU.ActiveCfg = Debug|Any CPU
		{AC24DC74-B475-442D-BB86-BC7455E2E900}.Debug|Any CPU.Build.0 = Debug|Any CPU
		{AC24DC74-B475-442D-BB86-BC7455E2E900}.Release|Any CPU.ActiveCfg = Release|Any CPU
		{AC24DC74-B475-442D-BB86-BC7455E2E900}.Release|Any CPU.Build.0 = Release|Any CPU
		{6574C465-B9CF-45C0-B049-3C602F499C7C}.Debug|Any CPU.ActiveCfg = Debug|Any CPU
		{6574C465-B9CF-45C0-B049-3C602F499C7C}.Debug|Any CPU.Build.0 = Debug|Any CPU
		{6574C465-B9CF-45C0-B049-3C602F499C7C}.Release|Any CPU.ActiveCfg = Release|Any CPU
		{6574C465-B9CF-45C0-B049-3C602F499C7C}.Release|Any CPU.Build.0 = Release|Any CPU
	EndGlobalSection
	GlobalSection(SolutionProperties) = preSolution
		HideSolutionNode = FALSE
	EndGlobalSection
	GlobalSection(ExtensibilityGlobals) = postSolution
		SolutionGuid = {25CE5ECE-50F8-4B9B-851C-C905017F9BAD}
	EndGlobalSection
EndGlobal
